{
    "name": "app_installer",
    "version": "1.0.0",
    "lockfileVersion": 1,
    "requires": true,
    "dependencies": {
        "@babel/helper-plugin-utils": {
            "version": "7.0.0",
            "resolved": "https://registry.npmjs.org/@babel/helper-plugin-utils/-/helper-plugin-utils-7.0.0.tgz",
            "integrity": "sha512-CYAOUCARwExnEixLdB6sDm2dIJ/YgEAKDM1MOeMeZu9Ld/bDgVo8aiWrXwcY7OBh+1Ea2uUcVRcxKk0GJvW7QA=="
        },
        "@babel/plugin-syntax-dynamic-import": {
            "version": "7.2.0",
            "resolved": "https://registry.npmjs.org/@babel/plugin-syntax-dynamic-import/-/plugin-syntax-dynamic-import-7.2.0.tgz",
            "integrity": "sha512-mVxuJ0YroI/h/tbFTPGZR8cv6ai+STMKNBq0f8hFxsxWjl94qqhsb+wXbpNMDPU3cfR1TIsVFzU3nXyZMqyK4w==",
            "requires": {
                "@babel/helper-plugin-utils": "^7.0.0"
            }
        },
        "@babel/runtime": {
            "version": "7.4.2",
            "resolved": "https://registry.npmjs.org/@babel/runtime/-/runtime-7.4.2.tgz",
            "integrity": "sha512-7Bl2rALb7HpvXFL7TETNzKSAeBVCPHELzc0C//9FCxN8nsiueWSJBqaF+2oIJScyILStASR/Cx5WMkXGYTiJFA==",
            "requires": {
                "regenerator-runtime": "^0.13.2"
            }
        },
        "@react-bootstrap/react-popper": {
            "version": "1.2.1",
            "resolved": "https://registry.npmjs.org/@react-bootstrap/react-popper/-/react-popper-1.2.1.tgz",
            "integrity": "sha512-4l3q7LcZEhrSkI4d3Ie3g4CdrXqqTexXX4PFT45CB0z5z2JUbaxgRwKNq7r5j2bLdVpZm+uvUGqxJw8d9vgbJQ==",
            "requires": {
                "babel-runtime": "6.x.x",
                "create-react-context": "^0.2.1",
                "popper.js": "^1.14.4",
                "prop-types": "^15.6.1",
                "typed-styles": "^0.0.5",
                "warning": "^3.0.0"
            },
            "dependencies": {
                "prop-types": {
                    "version": "15.7.2",
                    "resolved": "https://registry.npmjs.org/prop-types/-/prop-types-15.7.2.tgz",
                    "integrity": "sha512-8QQikdH7//R2vurIJSutZ1smHYTcLpRWEOlHnzcWHmBYrOGUysKwSsrC89BCiFj3CbrfJ/nXFdJepOVrY1GCHQ==",
                    "requires": {
                        "loose-envify": "^1.4.0",
                        "object-assign": "^4.1.1",
                        "react-is": "^16.8.1"
                    }
                },
                "warning": {
                    "version": "3.0.0",
                    "resolved": "https://registry.npmjs.org/warning/-/warning-3.0.0.tgz",
                    "integrity": "sha1-MuU3fLVy3kqwR1O9+IIcAe1gW3w=",
                    "requires": {
                        "loose-envify": "^1.0.0"
                    }
                }
            }
        },
        "@restart/context": {
            "version": "2.1.4",
            "resolved": "https://registry.npmjs.org/@restart/context/-/context-2.1.4.tgz",
            "integrity": "sha512-INJYZQJP7g+IoDUh/475NlGiTeMfwTXUEr3tmRneckHIxNolGOW9CTq83S8cxq0CgJwwcMzMJFchxvlwe7Rk8Q=="
        },
        "@restart/hooks": {
            "version": "0.1.6",
            "resolved": "https://registry.npmjs.org/@restart/hooks/-/hooks-0.1.6.tgz",
            "integrity": "sha512-eP1NykkdPlagH60YV+k2qGDCq3rkNtY6Sz0T2DVU1MQPa4pVRofIj+leFM2SLZLzy5nQFga4YnX7oM2d2LJRpA=="
        },
        "ajv": {
            "version": "6.10.0",
            "resolved": "https://registry.npmjs.org/ajv/-/ajv-6.10.0.tgz",
            "integrity": "sha512-nffhOpkymDECQyR0mnsUtoCE8RlX38G0rYP+wgLWFyZuUyuuojSSvi/+euOiQBIn63whYwYVIIH1TvE3tu4OEg==",
            "dev": true,
            "requires": {
                "fast-deep-equal": "^2.0.1",
                "fast-json-stable-stringify": "^2.0.0",
                "json-schema-traverse": "^0.4.1",
                "uri-js": "^4.2.2"
            }
        },
        "ajv-errors": {
            "version": "1.0.1",
            "resolved": "https://registry.npmjs.org/ajv-errors/-/ajv-errors-1.0.1.tgz",
            "integrity": "sha512-DCRfO/4nQ+89p/RK43i8Ezd41EqdGIU4ld7nGF8OQ14oc/we5rEntLCUa7+jrn3nn83BosfwZA0wb4pon2o8iQ==",
            "dev": true
        },
        "ajv-keywords": {
            "version": "3.4.0",
            "resolved": "https://registry.npmjs.org/ajv-keywords/-/ajv-keywords-3.4.0.tgz",
            "integrity": "sha512-aUjdRFISbuFOl0EIZc+9e4FfZp0bDZgAdOOf30bJmw8VM9v84SHyVyxDfbWxpGYbdZD/9XoKxfHVNmxPkhwyGw==",
            "dev": true
        },
        "asap": {
            "version": "2.0.6",
            "resolved": "https://registry.npmjs.org/asap/-/asap-2.0.6.tgz",
            "integrity": "sha1-5QNHYR1+aQlDIIu9r+vLwvuGbUY="
        },
        "babel-runtime": {
            "version": "6.26.0",
            "resolved": "https://registry.npmjs.org/babel-runtime/-/babel-runtime-6.26.0.tgz",
            "integrity": "sha1-llxwWGaOgrVde/4E/yM3vItWR/4=",
            "requires": {
                "core-js": "^2.4.0",
                "regenerator-runtime": "^0.11.0"
            },
            "dependencies": {
                "regenerator-runtime": {
                    "version": "0.11.1",
                    "resolved": "https://registry.npmjs.org/regenerator-runtime/-/regenerator-runtime-0.11.1.tgz",
                    "integrity": "sha512-MguG95oij0fC3QV3URf4V2SDYGJhJnJGqvIIgdECeODCT98wSWDAJ94SSuVpYQUoTcGUIL6L4yNB7j1DFFHSBg=="
                }
            }
        },
        "big.js": {
            "version": "5.2.2",
            "resolved": "https://registry.npmjs.org/big.js/-/big.js-5.2.2.tgz",
            "integrity": "sha512-vyL2OymJxmarO8gxMr0mhChsO9QGwhynfuu4+MHTAW6czfq9humCB7rKpUjDd9YUiDPU4mzpyupFSvOClAwbmQ==",
            "dev": true
        },
        "bootstrap": {
            "version": "4.3.1",
            "resolved": "https://registry.npmjs.org/bootstrap/-/bootstrap-4.3.1.tgz",
            "integrity": "sha512-rXqOmH1VilAt2DyPzluTi2blhk17bO7ef+zLLPlWvG494pDxcM234pJ8wTc/6R40UWizAIIMgxjvxZg5kmsbag=="
        },
        "core-js": {
            "version": "2.6.5",
            "resolved": "https://registry.npmjs.org/core-js/-/core-js-2.6.5.tgz",
            "integrity": "sha512-klh/kDpwX8hryYL14M9w/xei6vrv6sE8gTHDG7/T/+SEovB/G4ejwcfE/CBzO6Edsu+OETZMZ3wcX/EjUkrl5A=="
        },
        "create-react-class": {
            "version": "15.6.3",
            "resolved": "https://registry.npmjs.org/create-react-class/-/create-react-class-15.6.3.tgz",
            "integrity": "sha512-M+/3Q6E6DLO6Yx3OwrWjwHBnvfXXYA7W+dFjt/ZDBemHO1DDZhsalX/NUtnTYclN6GfnBDRh4qRHjcDHmlJBJg==",
            "requires": {
                "fbjs": "^0.8.9",
                "loose-envify": "^1.3.1",
                "object-assign": "^4.1.1"
            }
        },
        "create-react-context": {
            "version": "0.2.3",
            "resolved": "https://registry.npmjs.org/create-react-context/-/create-react-context-0.2.3.tgz",
            "integrity": "sha512-CQBmD0+QGgTaxDL3OX1IDXYqjkp2It4RIbcb99jS6AEg27Ga+a9G3JtK6SIu0HBwPLZlmwt9F7UwWA4Bn92Rag==",
            "requires": {
                "fbjs": "^0.8.0",
                "gud": "^1.0.0"
            }
        },
        "dom-helpers": {
            "version": "3.4.0",
            "resolved": "https://registry.npmjs.org/dom-helpers/-/dom-helpers-3.4.0.tgz",
            "integrity": "sha512-LnuPJ+dwqKDIyotW1VzmOZ5TONUN7CwkCR5hrgawTUbkBGYdeoNLZo6nNfGkCrjtE1nXXaj7iMMpDa8/d9WoIA==",
            "requires": {
                "@babel/runtime": "^7.1.2"
            }
        },
        "emojis-list": {
            "version": "2.1.0",
            "resolved": "https://registry.npmjs.org/emojis-list/-/emojis-list-2.1.0.tgz",
            "integrity": "sha1-TapNnbAPmBmIDHn6RXrlsJof04k=",
            "dev": true
        },
        "encoding": {
            "version": "0.1.12",
            "resolved": "https://registry.npmjs.org/encoding/-/encoding-0.1.12.tgz",
            "integrity": "sha1-U4tm8+5izRq1HsMjgp0flIDHS+s=",
            "requires": {
                "iconv-lite": "~0.4.13"
            }
        },
        "fast-deep-equal": {
            "version": "2.0.1",
            "resolved": "https://registry.npmjs.org/fast-deep-equal/-/fast-deep-equal-2.0.1.tgz",
            "integrity": "sha1-ewUhjd+WZ79/Nwv3/bLLFf3Qqkk=",
            "dev": true
        },
        "fast-json-stable-stringify": {
            "version": "2.0.0",
            "resolved": "https://registry.npmjs.org/fast-json-stable-stringify/-/fast-json-stable-stringify-2.0.0.tgz",
            "integrity": "sha1-1RQsDK7msRifh9OnYREGT4bIu/I=",
            "dev": true
        },
        "fbjs": {
            "version": "0.8.17",
            "resolved": "https://registry.npmjs.org/fbjs/-/fbjs-0.8.17.tgz",
            "integrity": "sha1-xNWY6taUkRJlPWWIsBpc3Nn5D90=",
            "requires": {
                "core-js": "^1.0.0",
                "isomorphic-fetch": "^2.1.1",
                "loose-envify": "^1.0.0",
                "object-assign": "^4.1.0",
                "promise": "^7.1.1",
                "setimmediate": "^1.0.5",
                "ua-parser-js": "^0.7.18"
            },
            "dependencies": {
                "core-js": {
                    "version": "1.2.7",
                    "resolved": "https://registry.npmjs.org/core-js/-/core-js-1.2.7.tgz",
                    "integrity": "sha1-ZSKUwUZR2yj6k70tX/KYOk8IxjY="
                }
            }
        },
        "gud": {
            "version": "1.0.0",
            "resolved": "https://registry.npmjs.org/gud/-/gud-1.0.0.tgz",
            "integrity": "sha512-zGEOVKFM5sVPPrYs7J5/hYEw2Pof8KCyOwyhG8sAF26mCAeUFAcYPu1mwB7hhpIP29zOIBaDqwuHdLp0jvZXjw=="
        },
        "iconv-lite": {
            "version": "0.4.24",
            "resolved": "https://registry.npmjs.org/iconv-lite/-/iconv-lite-0.4.24.tgz",
            "integrity": "sha512-v3MXnZAcvnywkTUEZomIActle7RXXeedOR31wwl7VlyoXO4Qi9arvSenNQWne1TcRwhCL1HwLI21bEqdpj8/rA==",
            "requires": {
                "safer-buffer": ">= 2.1.2 < 3"
            }
        },
        "invariant": {
            "version": "2.2.4",
            "resolved": "https://registry.npmjs.org/invariant/-/invariant-2.2.4.tgz",
            "integrity": "sha512-phJfQVBuaJM5raOpJjSfkiD6BpbCE4Ns//LaXl6wGYtUBY83nWS6Rf9tXm2e8VaK60JEjYldbPif/A2B1C2gNA==",
            "requires": {
                "loose-envify": "^1.0.0"
            }
        },
        "is-stream": {
            "version": "1.1.0",
            "resolved": "https://registry.npmjs.org/is-stream/-/is-stream-1.1.0.tgz",
            "integrity": "sha1-EtSj3U5o4Lec6428hBc66A2RykQ="
        },
        "isomorphic-fetch": {
            "version": "2.2.1",
            "resolved": "https://registry.npmjs.org/isomorphic-fetch/-/isomorphic-fetch-2.2.1.tgz",
            "integrity": "sha1-YRrhrPFPXoH3KVB0coGf6XM1WKk=",
            "requires": {
                "node-fetch": "^1.0.1",
                "whatwg-fetch": ">=0.10.0"
            }
        },
        "js-tokens": {
            "version": "4.0.0",
            "resolved": "https://registry.npmjs.org/js-tokens/-/js-tokens-4.0.0.tgz",
            "integrity": "sha512-RdJUflcE3cUzKiMqQgsCu06FPu9UdIJO0beYbPhHN4k6apgJtifcoCtT9bcxOpYBtpD2kCM6Sbzg4CausW/PKQ=="
        },
        "json-loader": {
            "version": "0.5.7",
            "resolved": "https://registry.npmjs.org/json-loader/-/json-loader-0.5.7.tgz",
            "integrity": "sha512-QLPs8Dj7lnf3e3QYS1zkCo+4ZwqOiF9d/nZnYozTISxXWCfNs9yuky5rJw4/W34s7POaNlbZmQGaB5NiXCbP4w==",
            "dev": true
        },
        "json-schema-traverse": {
            "version": "0.4.1",
            "resolved": "https://registry.npmjs.org/json-schema-traverse/-/json-schema-traverse-0.4.1.tgz",
            "integrity": "sha512-xbbCH5dCYU5T8LcEhhuh7HJ88HXuW3qsI3Y0zOZFKfZEHcpWiHU/Jxzk629Brsab/mMiHQti9wMP+845RPe3Vg==",
            "dev": true
        },
        "json5": {
            "version": "1.0.1",
            "resolved": "https://registry.npmjs.org/json5/-/json5-1.0.1.tgz",
            "integrity": "sha512-aKS4WQjPenRxiQsC93MNfjx+nbF4PAdYzmd/1JIj8HYzqfbu86beTuNgXDzPknWk0n0uARlyewZo4s++ES36Ow==",
            "dev": true,
            "requires": {
                "minimist": "^1.2.0"
            }
        },
        "keycode": {
            "version": "2.2.0",
            "resolved": "https://registry.npmjs.org/keycode/-/keycode-2.2.0.tgz",
            "integrity": "sha1-PQr1bce4uOXLqNCpfxByBO7CKwQ="
        },
        "loader-utils": {
            "version": "1.2.3",
            "resolved": "https://registry.npmjs.org/loader-utils/-/loader-utils-1.2.3.tgz",
            "integrity": "sha512-fkpz8ejdnEMG3s37wGL07iSBDg99O9D5yflE9RGNH3hRdx9SOwYfnGYdZOUIZitN8E+E2vkq3MUMYMvPYl5ZZA==",
            "dev": true,
            "requires": {
                "big.js": "^5.2.2",
                "emojis-list": "^2.0.0",
                "json5": "^1.0.1"
            }
        },
        "lodash.isfunction": {
            "version": "3.0.9",
            "resolved": "https://registry.npmjs.org/lodash.isfunction/-/lodash.isfunction-3.0.9.tgz",
            "integrity": "sha512-AirXNj15uRIMMPihnkInB4i3NHeb4iBtNg9WRWuK2o31S+ePwwNmDPaTL3o7dTJ+VXNZim7rFs4rxN4YU1oUJw=="
        },
        "lodash.isobject": {
            "version": "3.0.2",
            "resolved": "https://registry.npmjs.org/lodash.isobject/-/lodash.isobject-3.0.2.tgz",
            "integrity": "sha1-PI+41bW/S/kK4G4U8qUwpO2TXh0="
        },
        "lodash.tonumber": {
            "version": "4.0.3",
            "resolved": "https://registry.npmjs.org/lodash.tonumber/-/lodash.tonumber-4.0.3.tgz",
            "integrity": "sha1-C5azGzVnJ5Prf1pj7nkfG56QJdk="
        },
        "loose-envify": {
            "version": "1.4.0",
            "resolved": "https://registry.npmjs.org/loose-envify/-/loose-envify-1.4.0.tgz",
            "integrity": "sha512-lyuxPGr/Wfhrlem2CL/UcnUc1zcqKAImBDzukY7Y5F/yQiNdko6+fRLevlw1HgMySw7f611UIY408EtxRSoK3Q==",
            "requires": {
                "js-tokens": "^3.0.0 || ^4.0.0"
            }
        },
        "minimist": {
            "version": "1.2.0",
            "resolved": "https://registry.npmjs.org/minimist/-/minimist-1.2.0.tgz",
            "integrity": "sha1-o1AIsg9BOD7sH7kU9M1d95omQoQ=",
            "dev": true
        },
        "node-fetch": {
            "version": "1.7.3",
            "resolved": "https://registry.npmjs.org/node-fetch/-/node-fetch-1.7.3.tgz",
            "integrity": "sha512-NhZ4CsKx7cYm2vSrBAr2PvFOe6sWDf0UYLRqA6svUYg7+/TSfVAu49jYC4BvQ4Sms9SZgdqGBgroqfDhJdTyKQ==",
            "requires": {
                "encoding": "^0.1.11",
                "is-stream": "^1.0.1"
            }
        },
        "object-assign": {
            "version": "4.1.1",
            "resolved": "https://registry.npmjs.org/object-assign/-/object-assign-4.1.1.tgz",
            "integrity": "sha1-IQmtx5ZYh8/AXLvUQsrIv7s2CGM="
        },
        "popper.js": {
            "version": "1.14.7",
            "resolved": "https://registry.npmjs.org/popper.js/-/popper.js-1.14.7.tgz",
            "integrity": "sha512-4q1hNvoUre/8srWsH7hnoSJ5xVmIL4qgz+s4qf2TnJIMyZFUFMGH+9vE7mXynAlHSZ/NdTmmow86muD0myUkVQ=="
        },
        "promise": {
            "version": "7.3.1",
            "resolved": "https://registry.npmjs.org/promise/-/promise-7.3.1.tgz",
            "integrity": "sha512-nolQXZ/4L+bP/UGlkfaIujX9BKxGwmQ9OT4mOt5yvy8iK1h3wqTEJCijzGANTCCl9nWjY41juyAn2K3Q1hLLTg==",
            "requires": {
                "asap": "~2.0.3"
            }
        },
        "prop-types-extra": {
            "version": "1.1.0",
            "resolved": "https://registry.npmjs.org/prop-types-extra/-/prop-types-extra-1.1.0.tgz",
            "integrity": "sha512-QFyuDxvMipmIVKD2TwxLVPzMnO4e5oOf1vr3tJIomL8E7d0lr6phTHd5nkPhFIzTD1idBLLEPeylL9g+rrTzRg==",
            "requires": {
                "react-is": "^16.3.2",
                "warning": "^3.0.0"
            },
            "dependencies": {
                "warning": {
                    "version": "3.0.0",
                    "resolved": "https://registry.npmjs.org/warning/-/warning-3.0.0.tgz",
                    "integrity": "sha1-MuU3fLVy3kqwR1O9+IIcAe1gW3w=",
                    "requires": {
                        "loose-envify": "^1.0.0"
                    }
                }
            }
        },
        "punycode": {
            "version": "2.1.1",
            "resolved": "https://registry.npmjs.org/punycode/-/punycode-2.1.1.tgz",
            "integrity": "sha512-XRsRjdf+j5ml+y/6GKHPZbrF/8p2Yga0JPtdqTIY2Xe5ohJPD9saDJJLPvp9+NSBprVvevdXZybnj2cv8OEd0A==",
            "dev": true
        },
        "react": {
            "version": "16.8.5",
            "resolved": "https://registry.npmjs.org/react/-/react-16.8.5.tgz",
            "integrity": "sha512-daCb9TD6FZGvJ3sg8da1tRAtIuw29PbKZW++NN4wqkbEvxL+bZpaaYb4xuftW/SpXmgacf1skXl/ddX6CdOlDw==",
            "requires": {
                "loose-envify": "^1.1.0",
                "object-assign": "^4.1.1",
                "prop-types": "^15.6.2",
                "scheduler": "^0.13.5"
            },
            "dependencies": {
                "prop-types": {
                    "version": "15.7.2",
                    "resolved": "https://registry.npmjs.org/prop-types/-/prop-types-15.7.2.tgz",
                    "integrity": "sha512-8QQikdH7//R2vurIJSutZ1smHYTcLpRWEOlHnzcWHmBYrOGUysKwSsrC89BCiFj3CbrfJ/nXFdJepOVrY1GCHQ==",
                    "requires": {
                        "loose-envify": "^1.4.0",
                        "object-assign": "^4.1.1",
                        "react-is": "^16.8.1"
                    }
                }
            }
        },
        "react-bootstrap": {
            "version": "1.0.0-beta.6",
            "resolved": "https://registry.npmjs.org/react-bootstrap/-/react-bootstrap-1.0.0-beta.6.tgz",
            "integrity": "sha512-4RwXBCm45dHar1mMq7Wz8X9dI3b84R+Un696S+amgjePcxb6DqqqcxYla1FR7FJ+IIODr12HTjxu4LRVtIEsSQ==",
            "requires": {
                "@babel/runtime": "^7.3.4",
                "@react-bootstrap/react-popper": "1.2.1",
                "@restart/context": "^2.1.2",
                "@restart/hooks": "^0.1.1",
                "classnames": "^2.2.6",
                "dom-helpers": "^3.4.0",
                "invariant": "^2.2.3",
                "keycode": "^2.1.2",
                "popper.js": "^1.14.7",
                "prop-types": "^15.7.2",
                "prop-types-extra": "^1.1.0",
                "react-overlays": "^1.2.0",
                "react-transition-group": "^2.6.0",
                "uncontrollable": "^6.1.0",
                "warning": "^4.0.3"
            },
            "dependencies": {
                "classnames": {
                    "version": "2.2.6",
                    "resolved": "https://registry.npmjs.org/classnames/-/classnames-2.2.6.tgz",
                    "integrity": "sha512-JR/iSQOSt+LQIWwrwEzJ9uk0xfN3mTVYMwt1Ir5mUcSN6pU+V4zQFFaJsclJbPuAUQH+yfWef6tm7l1quW3C8Q=="
                },
                "prop-types": {
                    "version": "15.7.2",
                    "resolved": "https://registry.npmjs.org/prop-types/-/prop-types-15.7.2.tgz",
                    "integrity": "sha512-8QQikdH7//R2vurIJSutZ1smHYTcLpRWEOlHnzcWHmBYrOGUysKwSsrC89BCiFj3CbrfJ/nXFdJepOVrY1GCHQ==",
                    "requires": {
                        "loose-envify": "^1.4.0",
                        "object-assign": "^4.1.1",
                        "react-is": "^16.8.1"
                    }
                }
            }
        },
        "react-bootstrap-button-loader": {
            "version": "1.0.12",
            "resolved": "https://registry.npmjs.org/react-bootstrap-button-loader/-/react-bootstrap-button-loader-1.0.12.tgz",
            "integrity": "sha512-QfMpXf5VLXId3XlNKJNyZcc2rHoV5FJ5dDpA9RqtA5K5un99ahT03/N2bzuoxlYAaOKwb2A0QyWaFBT9YRyZfQ==",
            "requires": {
                "prop-types": "^15.5.10",
                "react-loader": "^2.4.5"
            },
            "dependencies": {
                "prop-types": {
                    "version": "15.7.2",
                    "resolved": "https://registry.npmjs.org/prop-types/-/prop-types-15.7.2.tgz",
                    "integrity": "sha512-8QQikdH7//R2vurIJSutZ1smHYTcLpRWEOlHnzcWHmBYrOGUysKwSsrC89BCiFj3CbrfJ/nXFdJepOVrY1GCHQ==",
                    "requires": {
                        "loose-envify": "^1.4.0",
                        "object-assign": "^4.1.1",
                        "react-is": "^16.8.1"
                    }
                }
            }
        },
        "react-context-toolbox": {
            "version": "2.0.2",
            "resolved": "https://registry.npmjs.org/react-context-toolbox/-/react-context-toolbox-2.0.2.tgz",
            "integrity": "sha512-tY4j0imkYC3n5ZlYSgFkaw7fmlCp3IoQQ6DxpqeNHzcD0hf+6V+/HeJxviLUZ1Rv1Yn3N3xyO2EhkkZwHn0m1A=="
        },
        "react-dom": {
            "version": "16.8.5",
            "resolved": "https://registry.npmjs.org/react-dom/-/react-dom-16.8.5.tgz",
            "integrity": "sha512-VIEIvZLpFafsfu4kgmftP5L8j7P1f0YThfVTrANMhZUFMDOsA6e0kfR6wxw/8xxKs4NB59TZYbxNdPCDW34x4w==",
            "requires": {
                "loose-envify": "^1.1.0",
                "object-assign": "^4.1.1",
                "prop-types": "^15.6.2",
                "scheduler": "^0.13.5"
            },
            "dependencies": {
                "prop-types": {
                    "version": "15.7.2",
                    "resolved": "https://registry.npmjs.org/prop-types/-/prop-types-15.7.2.tgz",
                    "integrity": "sha512-8QQikdH7//R2vurIJSutZ1smHYTcLpRWEOlHnzcWHmBYrOGUysKwSsrC89BCiFj3CbrfJ/nXFdJepOVrY1GCHQ==",
                    "requires": {
                        "loose-envify": "^1.4.0",
                        "object-assign": "^4.1.1",
                        "react-is": "^16.8.1"
                    }
                }
            }
        },
        "react-is": {
            "version": "16.8.5",
            "resolved": "https://registry.npmjs.org/react-is/-/react-is-16.8.5.tgz",
            "integrity": "sha512-sudt2uq5P/2TznPV4Wtdi+Lnq3yaYW8LfvPKLM9BKD8jJNBkxMVyB0C9/GmVhLw7Jbdmndk/73n7XQGeN9A3QQ=="
        },
        "react-lifecycles-compat": {
            "version": "3.0.4",
            "resolved": "https://registry.npmjs.org/react-lifecycles-compat/-/react-lifecycles-compat-3.0.4.tgz",
            "integrity": "sha512-fBASbA6LnOU9dOU2eW7aQ8xmYBSXUIWr+UmF9b1efZBazGNO+rcXT/icdKnYm2pTwcRylVUYwW7H1PHfLekVzA=="
        },
        "react-loader": {
            "version": "2.4.5",
            "resolved": "https://registry.npmjs.org/react-loader/-/react-loader-2.4.5.tgz",
            "integrity": "sha1-zT5VHGzQc4wcDxPwc2VPk4KL5ak=",
            "requires": {
                "create-react-class": "^15.5.2",
                "prop-types": "^15.5.8",
                "spin.js": "2.x"
            },
            "dependencies": {
                "prop-types": {
                    "version": "15.7.2",
                    "resolved": "https://registry.npmjs.org/prop-types/-/prop-types-15.7.2.tgz",
                    "integrity": "sha512-8QQikdH7//R2vurIJSutZ1smHYTcLpRWEOlHnzcWHmBYrOGUysKwSsrC89BCiFj3CbrfJ/nXFdJepOVrY1GCHQ==",
                    "requires": {
                        "loose-envify": "^1.4.0",
                        "object-assign": "^4.1.1",
                        "react-is": "^16.8.1"
                    }
                }
            }
        },
        "react-overlays": {
            "version": "1.2.0",
            "resolved": "https://registry.npmjs.org/react-overlays/-/react-overlays-1.2.0.tgz",
            "integrity": "sha512-i/FCV8wR6aRaI+Kz/dpJhOdyx+ah2tN1RhT9InPrexyC4uzf3N4bNayFTGtUeQVacj57j1Mqh1CwV60/5153Iw==",
            "requires": {
                "classnames": "^2.2.6",
                "dom-helpers": "^3.4.0",
                "prop-types": "^15.6.2",
                "prop-types-extra": "^1.1.0",
                "react-context-toolbox": "^2.0.2",
                "react-popper": "^1.3.2",
                "uncontrollable": "^6.0.0",
                "warning": "^4.0.2"
            },
            "dependencies": {
                "classnames": {
                    "version": "2.2.6",
                    "resolved": "https://registry.npmjs.org/classnames/-/classnames-2.2.6.tgz",
                    "integrity": "sha512-JR/iSQOSt+LQIWwrwEzJ9uk0xfN3mTVYMwt1Ir5mUcSN6pU+V4zQFFaJsclJbPuAUQH+yfWef6tm7l1quW3C8Q=="
                },
                "prop-types": {
                    "version": "15.7.2",
                    "resolved": "https://registry.npmjs.org/prop-types/-/prop-types-15.7.2.tgz",
                    "integrity": "sha512-8QQikdH7//R2vurIJSutZ1smHYTcLpRWEOlHnzcWHmBYrOGUysKwSsrC89BCiFj3CbrfJ/nXFdJepOVrY1GCHQ==",
                    "requires": {
                        "loose-envify": "^1.4.0",
                        "object-assign": "^4.1.1",
                        "react-is": "^16.8.1"
                    }
                }
            }
        },
        "react-paginate": {
            "version": "6.3.0",
            "resolved": "https://registry.npmjs.org/react-paginate/-/react-paginate-6.3.0.tgz",
            "integrity": "sha512-lT/ne7hZzctGDli4QzUAou0JjfZgxKmtl9/r30B5UVonICZIy1u0SrAkdlEZ5ubgzrOykBeCmxkTWi5IyPg4AQ==",
            "requires": {
                "prop-types": "^15.6.1"
            },
            "dependencies": {
                "prop-types": {
                    "version": "15.7.2",
                    "resolved": "https://registry.npmjs.org/prop-types/-/prop-types-15.7.2.tgz",
                    "integrity": "sha512-8QQikdH7//R2vurIJSutZ1smHYTcLpRWEOlHnzcWHmBYrOGUysKwSsrC89BCiFj3CbrfJ/nXFdJepOVrY1GCHQ==",
                    "requires": {
                        "loose-envify": "^1.4.0",
                        "object-assign": "^4.1.1",
                        "react-is": "^16.8.1"
                    }
                }
            }
        },
        "react-popper": {
            "version": "1.3.3",
            "resolved": "https://registry.npmjs.org/react-popper/-/react-popper-1.3.3.tgz",
            "integrity": "sha512-ynMZBPkXONPc5K4P5yFWgZx5JGAUIP3pGGLNs58cfAPgK67olx7fmLp+AdpZ0+GoQ+ieFDa/z4cdV6u7sioH6w==",
            "requires": {
                "@babel/runtime": "^7.1.2",
                "create-react-context": "<=0.2.2",
                "popper.js": "^1.14.4",
                "prop-types": "^15.6.1",
                "typed-styles": "^0.0.7",
                "warning": "^4.0.2"
            },
            "dependencies": {
                "create-react-context": {
                    "version": "0.2.2",
                    "resolved": "https://registry.npmjs.org/create-react-context/-/create-react-context-0.2.2.tgz",
                    "integrity": "sha512-KkpaLARMhsTsgp0d2NA/R94F/eDLbhXERdIq3LvX2biCAXcDvHYoOqHfWCHf1+OLj+HKBotLG3KqaOOf+C1C+A==",
                    "requires": {
                        "fbjs": "^0.8.0",
                        "gud": "^1.0.0"
                    }
                },
                "prop-types": {
                    "version": "15.7.2",
                    "resolved": "https://registry.npmjs.org/prop-types/-/prop-types-15.7.2.tgz",
                    "integrity": "sha512-8QQikdH7//R2vurIJSutZ1smHYTcLpRWEOlHnzcWHmBYrOGUysKwSsrC89BCiFj3CbrfJ/nXFdJepOVrY1GCHQ==",
                    "requires": {
                        "loose-envify": "^1.4.0",
                        "object-assign": "^4.1.1",
                        "react-is": "^16.8.1"
                    }
                },
                "typed-styles": {
                    "version": "0.0.7",
                    "resolved": "https://registry.npmjs.org/typed-styles/-/typed-styles-0.0.7.tgz",
                    "integrity": "sha512-pzP0PWoZUhsECYjABgCGQlRGL1n7tOHsgwYv3oIiEpJwGhFTuty/YNeduxQYzXXa3Ge5BdT6sHYIQYpl4uJ+5Q=="
                }
            }
        },
        "react-transition-group": {
            "version": "2.7.0",
            "resolved": "https://registry.npmjs.org/react-transition-group/-/react-transition-group-2.7.0.tgz",
            "integrity": "sha512-CzF22K0x6arjQO4AxkasMaiYcFG/QH0MhPNs45FmNsfWsQmsO9jv52sIZJAalnlryD5RgrrbLtV5CMJSokrrMA==",
            "requires": {
                "dom-helpers": "^3.3.1",
                "loose-envify": "^1.4.0",
                "prop-types": "^15.6.2",
                "react-lifecycles-compat": "^3.0.4"
            },
            "dependencies": {
                "prop-types": {
                    "version": "15.7.2",
                    "resolved": "https://registry.npmjs.org/prop-types/-/prop-types-15.7.2.tgz",
                    "integrity": "sha512-8QQikdH7//R2vurIJSutZ1smHYTcLpRWEOlHnzcWHmBYrOGUysKwSsrC89BCiFj3CbrfJ/nXFdJepOVrY1GCHQ==",
                    "requires": {
                        "loose-envify": "^1.4.0",
                        "object-assign": "^4.1.1",
                        "react-is": "^16.8.1"
                    }
                }
            }
        },
        "reactstrap": {
            "version": "7.1.0",
            "resolved": "https://registry.npmjs.org/reactstrap/-/reactstrap-7.1.0.tgz",
            "integrity": "sha512-wtc4RkgnGn1TsZ0AxOZ2OqT+b8YmCWZj/tErPujWLepxzlEEhveZGC+uDerdaHVSAzJUP2DTk605iper7hutQQ==",
            "requires": {
                "@babel/runtime": "^7.2.0",
                "classnames": "^2.2.3",
                "lodash.isfunction": "^3.0.9",
                "lodash.isobject": "^3.0.2",
                "lodash.tonumber": "^4.0.3",
                "prop-types": "^15.5.8",
                "react-lifecycles-compat": "^3.0.4",
                "react-popper": "^0.10.4",
                "react-transition-group": "^2.3.1"
            },
            "dependencies": {
                "classnames": {
                    "version": "2.2.6",
                    "resolved": "https://registry.npmjs.org/classnames/-/classnames-2.2.6.tgz",
                    "integrity": "sha512-JR/iSQOSt+LQIWwrwEzJ9uk0xfN3mTVYMwt1Ir5mUcSN6pU+V4zQFFaJsclJbPuAUQH+yfWef6tm7l1quW3C8Q=="
                },
                "prop-types": {
                    "version": "15.7.2",
                    "resolved": "https://registry.npmjs.org/prop-types/-/prop-types-15.7.2.tgz",
                    "integrity": "sha512-8QQikdH7//R2vurIJSutZ1smHYTcLpRWEOlHnzcWHmBYrOGUysKwSsrC89BCiFj3CbrfJ/nXFdJepOVrY1GCHQ==",
                    "requires": {
                        "loose-envify": "^1.4.0",
                        "object-assign": "^4.1.1",
                        "react-is": "^16.8.1"
                    }
                },
                "react-popper": {
                    "version": "0.10.4",
                    "resolved": "https://registry.npmjs.org/react-popper/-/react-popper-0.10.4.tgz",
                    "integrity": "sha1-rypBXqIike3VBGeNev2opu4ylao=",
                    "requires": {
                        "popper.js": "^1.14.1",
                        "prop-types": "^15.6.1"
                    }
                }
            }
        },
        "regenerator-runtime": {
            "version": "0.13.2",
            "resolved": "https://registry.npmjs.org/regenerator-runtime/-/regenerator-runtime-0.13.2.tgz",
            "integrity": "sha512-S/TQAZJO+D3m9xeN1WTI8dLKBBiRgXBlTJvbWjCThHWZj9EvHK70Ff50/tYj2J/fvBY6JtFVwRuazHN2E7M9BA=="
        },
        "safer-buffer": {
            "version": "2.1.2",
            "resolved": "https://registry.npmjs.org/safer-buffer/-/safer-buffer-2.1.2.tgz",
            "integrity": "sha512-YZo3K82SD7Riyi0E1EQPojLz7kpepnSQI9IyPbHHg1XXXevb5dJI7tpyN2ADxGcQbHG7vcyRHk0cbwqcQriUtg=="
        },
        "scheduler": {
            "version": "0.13.5",
            "resolved": "https://registry.npmjs.org/scheduler/-/scheduler-0.13.5.tgz",
            "integrity": "sha512-K98vjkQX9OIt/riLhp6F+XtDPtMQhqNcf045vsh+pcuvHq+PHy1xCrH3pq1P40m6yR46lpVvVhKdEOtnimuUJw==",
            "requires": {
                "loose-envify": "^1.1.0",
                "object-assign": "^4.1.1"
            }
        },
        "schema-utils": {
            "version": "1.0.0",
            "resolved": "https://registry.npmjs.org/schema-utils/-/schema-utils-1.0.0.tgz",
            "integrity": "sha512-i27Mic4KovM/lnGsy8whRCHhc7VicJajAjTrYg11K9zfZXnYIt4k5F+kZkwjnrhKzLic/HLU4j11mjsz2G/75g==",
            "dev": true,
            "requires": {
                "ajv": "^6.1.0",
                "ajv-errors": "^1.0.0",
                "ajv-keywords": "^3.1.0"
            }
        },
        "setimmediate": {
            "version": "1.0.5",
            "resolved": "https://registry.npmjs.org/setimmediate/-/setimmediate-1.0.5.tgz",
            "integrity": "sha1-KQy7Iy4waULX1+qbg3Mqt4VvgoU="
        },
        "spin.js": {
            "version": "2.3.2",
            "resolved": "https://registry.npmjs.org/spin.js/-/spin.js-2.3.2.tgz",
            "integrity": "sha1-bKpW1SBnNFD9XPvGlx5tB3LDeho="
        },
        "style-loader": {
            "version": "0.23.1",
            "resolved": "https://registry.npmjs.org/style-loader/-/style-loader-0.23.1.tgz",
            "integrity": "sha512-XK+uv9kWwhZMZ1y7mysB+zoihsEj4wneFWAS5qoiLwzW0WzSqMrrsIy+a3zkQJq0ipFtBpX5W3MqyRIBF/WFGg==",
            "dev": true,
            "requires": {
                "loader-utils": "^1.1.0",
                "schema-utils": "^1.0.0"
            }
        },
        "typed-styles": {
            "version": "0.0.5",
            "resolved": "https://registry.npmjs.org/typed-styles/-/typed-styles-0.0.5.tgz",
            "integrity": "sha512-ht+rEe5UsdEBAa3gr64+QjUOqjOLJfWLvl5HZR5Ev9uo/OnD3p43wPeFSB1hNFc13GXQF/JU1Bn0YHLUqBRIlw=="
        },
        "ua-parser-js": {
            "version": "0.7.19",
            "resolved": "https://registry.npmjs.org/ua-parser-js/-/ua-parser-js-0.7.19.tgz",
            "integrity": "sha512-T3PVJ6uz8i0HzPxOF9SWzWAlfN/DavlpQqepn22xgve/5QecC+XMCAtmUNnY7C9StehaV6exjUCI801lOI7QlQ=="
        },
        "uncontrollable": {
            "version": "6.1.0",
            "resolved": "https://registry.npmjs.org/uncontrollable/-/uncontrollable-6.1.0.tgz",
            "integrity": "sha512-2TzEm0pLKauMBZfAZXsgQvLpZHEp95891frCZdGDrSG7dWYaIQhedwLAzi0X8pR8KHNqlmuYEb2cEgbQzr050A==",
            "requires": {
                "invariant": "^2.2.4"
            }
        },
        "uri-js": {
            "version": "4.2.2",
            "resolved": "https://registry.npmjs.org/uri-js/-/uri-js-4.2.2.tgz",
            "integrity": "sha512-KY9Frmirql91X2Qgjry0Wd4Y+YTdrdZheS8TFwvkbLWf/G5KNJDCh6pKL5OZctEW4+0Baa5idK2ZQuELRwPznQ==",
            "dev": true,
            "requires": {
                "punycode": "^2.1.0"
            }
        },
        "warning": {
            "version": "4.0.3",
            "resolved": "https://registry.npmjs.org/warning/-/warning-4.0.3.tgz",
            "integrity": "sha512-rpJyN222KWIvHJ/F53XSZv0Zl/accqHR8et1kpaMTD/fLCRxtV8iX8czMzY7sVZupTI3zcUTg8eycS2kNF9l6w==",
            "requires": {
                "loose-envify": "^1.0.0"
            }
        },
        "whatwg-fetch": {
            "version": "3.0.0",
            "resolved": "https://registry.npmjs.org/whatwg-fetch/-/whatwg-fetch-3.0.0.tgz",
            "integrity": "sha512-9GSJUgz1D4MfyKU7KRqwOjXCXTqWdFNvEr7eUBYchQiVc744mqK/MzXPNR2WsPkmkOa4ywfg8C2n8h+13Bey1Q=="
        }
    }
}
